
Microsoft Visual Studio Solution File, Format Version 12.00
# Visual Studio Version 17
VisualStudioVersion = 17.14.36408.4
MinimumVisualStudioVersion = 10.0.40219.1
Project("{FAE04EC0-301F-11D3-BF4B-00C04F79EFBC}") = "Nexus.Desktop", "Nexus.Desktop\Nexus.Desktop.csproj", "{0C688A34-C2F2-45B7-86EE-14FAAC9F2FBB}"
EndProject
Project("{FAE04EC0-301F-11D3-BF4B-00C04F79EFBC}") = "Nexus.Core", "Nexus.Core\Nexus.Core.csproj", "{4B7991A9-7848-3496-EB2A-A14BFA6666EE}"
EndProject
Project("{FAE04EC0-301F-11D3-BF4B-00C04F79EFBC}") = "Nexus.Tests", "Nexus.Tests\Nexus.Tests.csproj", "{A71A60CB-5AAB-409E-8BB5-BBFF9FF15237}"
EndProject
Global
	GlobalSection(SolutionConfigurationPlatforms) = preSolution
		Debug|Any CPU = Debug|Any CPU
		Debug|x64 = Debug|x64
		Debug|x86 = Debug|x86
		Release|Any CPU = Release|Any CPU
		Release|x64 = Release|x64
		Release|x86 = Release|x86
	EndGlobalSection
	GlobalSection(ProjectConfigurationPlatforms) = postSolution
		{0C688A34-C2F2-45B7-86EE-14FAAC9F2FBB}.Debug|Any CPU.ActiveCfg = Release|Any CPU
		{0C688A34-C2F2-45B7-86EE-14FAAC9F2FBB}.Debug|Any CPU.Build.0 = Release|Any CPU
		{0C688A34-C2F2-45B7-86EE-14FAAC9F2FBB}.Debug|x64.ActiveCfg = Debug|Any CPU
		{0C688A34-C2F2-45B7-86EE-14FAAC9F2FBB}.Debug|x64.Build.0 = Debug|Any CPU
		{0C688A34-C2F2-45B7-86EE-14FAAC9F2FBB}.Debug|x86.ActiveCfg = Debug|Any CPU
		{0C688A34-C2F2-45B7-86EE-14FAAC9F2FBB}.Debug|x86.Build.0 = Debug|Any CPU
		{0C688A34-C2F2-45B7-86EE-14FAAC9F2FBB}.Release|Any CPU.ActiveCfg = Release|Any CPU
		{0C688A34-C2F2-45B7-86EE-14FAAC9F2FBB}.Release|Any CPU.Build.0 = Release|Any CPU
		{0C688A34-C2F2-45B7-86EE-14FAAC9F2FBB}.Release|x64.ActiveCfg = Release|Any CPU
		{0C688A34-C2F2-45B7-86EE-14FAAC9F2FBB}.Release|x64.Build.0 = Release|Any CPU
		{0C688A34-C2F2-45B7-86EE-14FAAC9F2FBB}.Release|x86.ActiveCfg = Release|Any CPU
		{0C688A34-C2F2-45B7-86EE-14FAAC9F2FBB}.Release|x86.Build.0 = Release|Any CPU
		{4B7991A9-7848-3496-EB2A-A14BFA6666EE}.Debug|Any CPU.ActiveCfg = Release|Any CPU
		{4B7991A9-7848-3496-EB2A-A14BFA6666EE}.Debug|Any CPU.Build.0 = Release|Any CPU
		{4B7991A9-7848-3496-EB2A-A14BFA6666EE}.Debug|x64.ActiveCfg = Debug|Any CPU
		{4B7991A9-7848-3496-EB2A-A14BFA6666EE}.Debug|x64.Build.0 = Debug|Any CPU
		{4B7991A9-7848-3496-EB2A-A14BFA6666EE}.Debug|x86.ActiveCfg = Debug|Any CPU
		{4B7991A9-7848-3496-EB2A-A14BFA6666EE}.Debug|x86.Build.0 = Debug|Any CPU
		{4B7991A9-7848-3496-EB2A-A14BFA6666EE}.Release|Any CPU.ActiveCfg = Release|Any CPU
		{4B7991A9-7848-3496-EB2A-A14BFA6666EE}.Release|Any CPU.Build.0 = Release|Any CPU
		{4B7991A9-7848-3496-EB2A-A14BFA6666EE}.Release|x64.ActiveCfg = Release|Any CPU
		{4B7991A9-7848-3496-EB2A-A14BFA6666EE}.Release|x64.Build.0 = Release|Any CPU
		{4B7991A9-7848-3496-EB2A-A14BFA6666EE}.Release|x86.ActiveCfg = Release|Any CPU
		{4B7991A9-7848-3496-EB2A-A14BFA6666EE}.Release|x86.Build.0 = Release|Any CPU
		{A71A60CB-5AAB-409E-8BB5-BBFF9FF15237}.Debug|Any CPU.ActiveCfg = Debug|Any CPU
		{A71A60CB-5AAB-409E-8BB5-BBFF9FF15237}.Debug|Any CPU.Build.0 = Debug|Any CPU
		{A71A60CB-5AAB-409E-8BB5-BBFF9FF15237}.Debug|x64.ActiveCfg = Debug|Any CPU
		{A71A60CB-5AAB-409E-8BB5-BBFF9FF15237}.Debug|x64.Build.0 = Debug|Any CPU
		{A71A60CB-5AAB-409E-8BB5-BBFF9FF15237}.Debug|x86.ActiveCfg = Debug|Any CPU
		{A71A60CB-5AAB-409E-8BB5-BBFF9FF15237}.Debug|x86.Build.0 = Debug|Any CPU
		{A71A60CB-5AAB-409E-8BB5-BBFF9FF15237}.Release|Any CPU.ActiveCfg = Release|Any CPU
		{A71A60CB-5AAB-409E-8BB5-BBFF9FF15237}.Release|Any CPU.Build.0 = Release|Any CPU
		{A71A60CB-5AAB-409E-8BB5-BBFF9FF15237}.Release|x64.ActiveCfg = Release|Any CPU
		{A71A60CB-5AAB-409E-8BB5-BBFF9FF15237}.Release|x64.Build.0 = Release|Any CPU
		{A71A60CB-5AAB-409E-8BB5-BBFF9FF15237}.Release|x86.ActiveCfg = Release|Any CPU
		{A71A60CB-5AAB-409E-8BB5-BBFF9FF15237}.Release|x86.Build.0 = Release|Any CPU
	EndGlobalSection
	GlobalSection(SolutionProperties) = preSolution
		HideSolutionNode = FALSE
	EndGlobalSection
	GlobalSection(ExtensibilityGlobals) = postSolution
		SolutionGuid = {6431000C-0872-4048-A9B3-EF134B219AF8}
	EndGlobalSection
EndGlobal
